
Microsoft Visual Studio Solution File, Format Version 12.00
# Visual Studio Version 17
VisualStudioVersion = 17.14.36811.4 d17.14
MinimumVisualStudioVersion = 10.0.40219.1
Project("{FAE04EC0-301F-11D3-BF4B-00C04F79EFBC}") = "SuVac.Web", "SuVac.Web\SuVac.Web.csproj", "{259B94A2-7F1D-4F82-B03C-C34E76D27E41}"
EndProject
Project("{FAE04EC0-301F-11D3-BF4B-00C04F79EFBC}") = "SuVac.Application", "SuVac.Application\SuVac.Application.csproj", "{BC5F07E0-656C-4BF5-B3EE-E18EA53584F1}"
EndProject
Project("{FAE04EC0-301F-11D3-BF4B-00C04F79EFBC}") = "SuVac.Infraestructure", "SuVac.Infraestructure\SuVac.Infraestructure.csproj", "{B7EE3553-D4EB-464B-BB42-1DCE0BAE0501}"
EndProject
Global
	GlobalSection(SolutionConfigurationPlatforms) = preSolution
		Debug|Any CPU = Debug|Any CPU
		Release|Any CPU = Release|Any CPU
	EndGlobalSection
	GlobalSection(ProjectConfigurationPlatforms) = postSolution
		{259B94A2-7F1D-4F82-B03C-C34E76D27E41}.Debug|Any CPU.ActiveCfg = Debug|Any CPU
		{259B94A2-7F1D-4F82-B03C-C34E76D27E41}.Debug|Any CPU.Build.0 = Debug|Any CPU
		{259B94A2-7F1D-4F82-B03C-C34E76D27E41}.Release|Any CPU.ActiveCfg = Release|Any CPU
		{259B94A2-7F1D-4F82-B03C-C34E76D27E41}.Release|Any CPU.Build.0 = Release|Any CPU
		{BC5F07E0-656C-4BF5-B3EE-E18EA53584F1}.Debug|Any CPU.ActiveCfg = Debug|Any CPU
		{BC5F07E0-656C-4BF5-B3EE-E18EA53584F1}.Debug|Any CPU.Build.0 = Debug|Any CPU
		{BC5F07E0-656C-4BF5-B3EE-E18EA53584F1}.Release|Any CPU.ActiveCfg = Release|Any CPU
		{BC5F07E0-656C-4BF5-B3EE-E18EA53584F1}.Release|Any CPU.Build.0 = Release|Any CPU
		{B7EE3553-D4EB-464B-BB42-1DCE0BAE0501}.Debug|Any CPU.ActiveCfg = Debug|Any CPU
		{B7EE3553-D4EB-464B-BB42-1DCE0BAE0501}.Debug|Any CPU.Build.0 = Debug|Any CPU
		{B7EE3553-D4EB-464B-BB42-1DCE0BAE0501}.Release|Any CPU.ActiveCfg = Release|Any CPU
		{B7EE3553-D4EB-464B-BB42-1DCE0BAE0501}.Release|Any CPU.Build.0 = Release|Any CPU
	EndGlobalSection
	GlobalSection(SolutionProperties) = preSolution
		HideSolutionNode = FALSE
	EndGlobalSection
	GlobalSection(ExtensibilityGlobals) = postSolution
		SolutionGuid = {0ED705FE-A1C2-4310-A2BE-30263380FFBD}
	EndGlobalSection
EndGlobal
